// !$*UTF8*$!
{
	archiveVersion = 1;
	classes = {
	};
	objectVersion = 55;
	objects = {

/* Begin PBXBuildFile section */
		9F61DD8E284B204200A13CDD /* Settings.swift in Sources */ = {isa = PBXBuildFile; fileRef = 9F61DD8D284B204200A13CDD /* Settings.swift */; };
		9F61DD90284B240D00A13CDD /* MenuCommands.swift in Sources */ = {isa = PBXBuildFile; fileRef = 9F61DD8F284B240D00A13CDD /* MenuCommands.swift */; };
		9F61DD98284B260900A13CDD /* StyleSheet.swift in Sources */ = {isa = PBXBuildFile; fileRef = 9F61DD92284B260900A13CDD /* StyleSheet.swift */; };
		9F61DD99284B260900A13CDD /* ulysses.css in Resources */ = {isa = PBXBuildFile; fileRef = 9F61DD93284B260900A13CDD /* ulysses.css */; };
		9F61DD9A284B260900A13CDD /* github.css in Resources */ = {isa = PBXBuildFile; fileRef = 9F61DD94284B260900A13CDD /* github.css */; };
		9F61DD9B284B260900A13CDD /* solarizeddark.css in Resources */ = {isa = PBXBuildFile; fileRef = 9F61DD95284B260900A13CDD /* solarizeddark.css */; };
		9F61DD9C284B260900A13CDD /* lopash.css in Resources */ = {isa = PBXBuildFile; fileRef = 9F61DD96284B260900A13CDD /* lopash.css */; };
		9F61DD9D284B260900A13CDD /* raywenderlich.css in Resources */ = {isa = PBXBuildFile; fileRef = 9F61DD97284B260900A13CDD /* raywenderlich.css */; };
		9FED2D642849B30000EA6726 /* MacMarkDownApp.swift in Sources */ = {isa = PBXBuildFile; fileRef = 9FED2D632849B30000EA6726 /* MacMarkDownApp.swift */; };
		9FED2D662849B30000EA6726 /* MacMarkDownDocument.swift in Sources */ = {isa = PBXBuildFile; fileRef = 9FED2D652849B30000EA6726 /* MacMarkDownDocument.swift */; };
		9FED2D682849B30000EA6726 /* ContentView.swift in Sources */ = {isa = PBXBuildFile; fileRef = 9FED2D672849B30000EA6726 /* ContentView.swift */; };
		9FED2D6A2849B30100EA6726 /* Assets.xcassets in Resources */ = {isa = PBXBuildFile; fileRef = 9FED2D692849B30100EA6726 /* Assets.xcassets */; };
		9FED2D6D2849B30100EA6726 /* Preview Assets.xcassets in Resources */ = {isa = PBXBuildFile; fileRef = 9FED2D6C2849B30100EA6726 /* Preview Assets.xcassets */; };
		9FED2D772849B95500EA6726 /* MarkdownKit in Frameworks */ = {isa = PBXBuildFile; productRef = 9FED2D762849B95500EA6726 /* MarkdownKit */; };
		9FED2D792849BA6D00EA6726 /* WebView.swift in Sources */ = {isa = PBXBuildFile; fileRef = 9FED2D782849BA6D00EA6726 /* WebView.swift */; };
/* End PBXBuildFile section */

/* Begin PBXFileReference section */
		9F61DD8D284B204200A13CDD /* Settings.swift */ = {isa = PBXFileReference; lastKnownFileType = sourcecode.swift; path = Settings.swift; sourceTree = "<group>"; };
		9F61DD8F284B240D00A13CDD /* MenuCommands.swift */ = {isa = PBXFileReference; lastKnownFileType = sourcecode.swift; path = MenuCommands.swift; sourceTree = "<group>"; };
		9F61DD92284B260900A13CDD /* StyleSheet.swift */ = {isa = PBXFileReference; fileEncoding = 4; lastKnownFileType = sourcecode.swift; path = StyleSheet.swift; sourceTree = "<group>"; };
		9F61DD93284B260900A13CDD /* ulysses.css */ = {isa = PBXFileReference; fileEncoding = 4; lastKnownFileType = text.css; path = ulysses.css; sourceTree = "<group>"; };
		9F61DD94284B260900A13CDD /* github.css */ = {isa = PBXFileReference; fileEncoding = 4; lastKnownFileType = text.css; path = github.css; sourceTree = "<group>"; };
		9F61DD95284B260900A13CDD /* solarizeddark.css */ = {isa = PBXFileReference; fileEncoding = 4; lastKnownFileType = text.css; path = solarizeddark.css; sourceTree = "<group>"; };
		9F61DD96284B260900A13CDD /* lopash.css */ = {isa = PBXFileReference; fileEncoding = 4; lastKnownFileType = text.css; path = lopash.css; sourceTree = "<group>"; };
		9F61DD97284B260900A13CDD /* raywenderlich.css */ = {isa = PBXFileReference; fileEncoding = 4; lastKnownFileType = text.css; path = raywenderlich.css; sourceTree = "<group>"; };
		9FED2D602849B30000EA6726 /* MacMarkDown.app */ = {isa = PBXFileReference; explicitFileType = wrapper.application; includeInIndex = 0; path = MacMarkDown.app; sourceTree = BUILT_PRODUCTS_DIR; };
		9FED2D632849B30000EA6726 /* MacMarkDownApp.swift */ = {isa = PBXFileReference; lastKnownFileType = sourcecode.swift; path = MacMarkDownApp.swift; sourceTree = "<group>"; };
		9FED2D652849B30000EA6726 /* MacMarkDownDocument.swift */ = {isa = PBXFileReference; lastKnownFileType = sourcecode.swift; path = MacMarkDownDocument.swift; sourceTree = "<group>"; };
		9FED2D672849B30000EA6726 /* ContentView.swift */ = {isa = PBXFileReference; indentWidth = 4; lastKnownFileType = sourcecode.swift; path = ContentView.swift; sourceTree = "<group>"; tabWidth = 4; };
		9FED2D692849B30100EA6726 /* Assets.xcassets */ = {isa = PBXFileReference; lastKnownFileType = folder.assetcatalog; path = Assets.xcassets; sourceTree = "<group>"; };
		9FED2D6C2849B30100EA6726 /* Preview Assets.xcassets */ = {isa = PBXFileReference; lastKnownFileType = folder.assetcatalog; path = "Preview Assets.xcassets"; sourceTree = "<group>"; };
		9FED2D6E2849B30100EA6726 /* Info.plist */ = {isa = PBXFileReference; lastKnownFileType = text.plist.xml; path = Info.plist; sourceTree = "<group>"; };
		9FED2D6F2849B30100EA6726 /* MacMarkDown.entitlements */ = {isa = PBXFileReference; lastKnownFileType = text.plist.entitlements; path = MacMarkDown.entitlements; sourceTree = "<group>"; };
		9FED2D782849BA6D00EA6726 /* WebView.swift */ = {isa = PBXFileReference; lastKnownFileType = sourcecode.swift; path = WebView.swift; sourceTree = "<group>"; };
/* End PBXFileReference section */

/* Begin PBXFrameworksBuildPhase section */
		9FED2D5D2849B30000EA6726 /* Frameworks */ = {
			isa = PBXFrameworksBuildPhase;
			buildActionMask = 2147483647;
			files = (
				9FED2D772849B95500EA6726 /* MarkdownKit in Frameworks */,
			);
			runOnlyForDeploymentPostprocessing = 0;
		};
/* End PBXFrameworksBuildPhase section */

/* Begin PBXGroup section */
		9F61DD91284B260900A13CDD /* StyleSheets */ = {
			isa = PBXGroup;
			children = (
				9F61DD92284B260900A13CDD /* StyleSheet.swift */,
				9F61DD93284B260900A13CDD /* ulysses.css */,
				9F61DD94284B260900A13CDD /* github.css */,
				9F61DD95284B260900A13CDD /* solarizeddark.css */,
				9F61DD96284B260900A13CDD /* lopash.css */,
				9F61DD97284B260900A13CDD /* raywenderlich.css */,
			);
			path = StyleSheets;
			sourceTree = "<group>";
		};
		9FED2D572849B30000EA6726 = {
			isa = PBXGroup;
			children = (
				9FED2D622849B30000EA6726 /* MacMarkDown */,
				9FED2D612849B30000EA6726 /* Products */,
			);
			sourceTree = "<group>";
		};
		9FED2D612849B30000EA6726 /* Products */ = {
			isa = PBXGroup;
			children = (
				9FED2D602849B30000EA6726 /* MacMarkDown.app */,
			);
			name = Products;
			sourceTree = "<group>";
		};
		9FED2D622849B30000EA6726 /* MacMarkDown */ = {
			isa = PBXGroup;
			children = (
				9FED2D692849B30100EA6726 /* Assets.xcassets */,
				9FED2D672849B30000EA6726 /* ContentView.swift */,
				9FED2D6E2849B30100EA6726 /* Info.plist */,
				9FED2D6F2849B30100EA6726 /* MacMarkDown.entitlements */,
				9FED2D632849B30000EA6726 /* MacMarkDownApp.swift */,
				9FED2D652849B30000EA6726 /* MacMarkDownDocument.swift */,
				9F61DD8F284B240D00A13CDD /* MenuCommands.swift */,
				9FED2D6B2849B30100EA6726 /* Preview Content */,
				9F61DD8D284B204200A13CDD /* Settings.swift */,
				9F61DD91284B260900A13CDD /* StyleSheets */,
				9FED2D782849BA6D00EA6726 /* WebView.swift */,
			);
			path = MacMarkDown;
			sourceTree = "<group>";
		};
		9FED2D6B2849B30100EA6726 /* Preview Content */ = {
			isa = PBXGroup;
			children = (
				9FED2D6C2849B30100EA6726 /* Preview Assets.xcassets */,
			);
			path = "Preview Content";
			sourceTree = "<group>";
		};
/* End PBXGroup section */

/* Begin PBXNativeTarget section */
		9FED2D5F2849B30000EA6726 /* MacMarkDown */ = {
			isa = PBXNativeTarget;
			buildConfigurationList = 9FED2D722849B30100EA6726 /* Build configuration list for PBXNativeTarget "MacMarkDown" */;
			buildPhases = (
				9FED2D5C2849B30000EA6726 /* Sources */,
				9FED2D5D2849B30000EA6726 /* Frameworks */,
				9FED2D5E2849B30000EA6726 /* Resources */,
			);
			buildRules = (
			);
			dependencies = (
			);
			name = MacMarkDown;
			packageProductDependencies = (
				9FED2D762849B95500EA6726 /* MarkdownKit */,
			);
			productName = MacMarkDown;
			productReference = 9FED2D602849B30000EA6726 /* MacMarkDown.app */;
			productType = "com.apple.product-type.application";
		};
/* End PBXNativeTarget section */

/* Begin PBXProject section */
		9FED2D582849B30000EA6726 /* Project object */ = {
			isa = PBXProject;
			attributes = {
				BuildIndependentTargetsInParallel = 1;
				LastSwiftUpdateCheck = 1340;
				LastUpgradeCheck = 1340;
				TargetAttributes = {
					9FED2D5F2849B30000EA6726 = {
						CreatedOnToolsVersion = 13.4;
					};
				};
			};
			buildConfigurationList = 9FED2D5B2849B30000EA6726 /* Build configuration list for PBXProject "MacMarkDown" */;
			compatibilityVersion = "Xcode 13.0";
			developmentRegion = en;
			hasScannedForEncodings = 0;
			knownRegions = (
				en,
				Base,
			);
			mainGroup = 9FED2D572849B30000EA6726;
			packageReferences = (
				9FED2D752849B95500EA6726 /* XCRemoteSwiftPackageReference "swift-markdownkit" */,
			);
			productRefGroup = 9FED2D612849B30000EA6726 /* Products */;
			projectDirPath = "";
			projectRoot = "";
			targets = (
				9FED2D5F2849B30000EA6726 /* MacMarkDown */,
			);
		};
/* End PBXProject section */

/* Begin PBXResourcesBuildPhase section */
		9FED2D5E2849B30000EA6726 /* Resources */ = {
			isa = PBXResourcesBuildPhase;
			buildActionMask = 2147483647;
			files = (
				9F61DD9C284B260900A13CDD /* lopash.css in Resources */,
				9F61DD9A284B260900A13CDD /* github.css in Resources */,
				9F61DD9B284B260900A13CDD /* solarizeddark.css in Resources */,
				9FED2D6D2849B30100EA6726 /* Preview Assets.xcassets in Resources */,
				9F61DD9D284B260900A13CDD /* raywenderlich.css in Resources */,
				9F61DD99284B260900A13CDD /* ulysses.css in Resources */,
				9FED2D6A2849B30100EA6726 /* Assets.xcassets in Resources */,
			);
			runOnlyForDeploymentPostprocessing = 0;
		};
/* End PBXResourcesBuildPhase section */

/* Begin PBXSourcesBuildPhase section */
		9FED2D5C2849B30000EA6726 /* Sources */ = {
			isa = PBXSourcesBuildPhase;
			buildActionMask = 2147483647;
			files = (
				9FED2D642849B30000EA6726 /* MacMarkDownApp.swift in Sources */,
				9FED2D792849BA6D00EA6726 /* WebView.swift in Sources */,
				9F61DD90284B240D00A13CDD /* MenuCommands.swift in Sources */,
				9FED2D662849B30000EA6726 /* MacMarkDownDocument.swift in Sources */,
				9FED2D682849B30000EA6726 /* ContentView.swift in Sources */,
				9F61DD8E284B204200A13CDD /* Settings.swift in Sources */,
				9F61DD98284B260900A13CDD /* StyleSheet.swift in Sources */,
			);
			runOnlyForDeploymentPostprocessing = 0;
		};
/* End PBXSourcesBuildPhase section */

/* Begin XCBuildConfiguration section */
		9FED2D702849B30100EA6726 /* Debug */ = {
			isa = XCBuildConfiguration;
			buildSettings = {
				ALWAYS_SEARCH_USER_PATHS = NO;
				CLANG_ANALYZER_NONNULL = YES;
				CLANG_ANALYZER_NUMBER_OBJECT_CONVERSION = YES_AGGRESSIVE;
				CLANG_CXX_LANGUAGE_STANDARD = "gnu++17";
				CLANG_ENABLE_MODULES = YES;
				CLANG_ENABLE_OBJC_ARC = YES;
				CLANG_ENABLE_OBJC_WEAK = YES;
				CLANG_WARN_BLOCK_CAPTURE_AUTORELEASING = YES;
				CLANG_WARN_BOOL_CONVERSION = YES;
				CLANG_WARN_COMMA = YES;
				CLANG_WARN_CONSTANT_CONVERSION = YES;
				CLANG_WARN_DEPRECATED_OBJC_IMPLEMENTATIONS = YES;
				CLANG_WARN_DIRECT_OBJC_ISA_USAGE = YES_ERROR;
				CLANG_WARN_DOCUMENTATION_COMMENTS = YES;
				CLANG_WARN_EMPTY_BODY = YES;
				CLANG_WARN_ENUM_CONVERSION = YES;
				CLANG_WARN_INFINITE_RECURSION = YES;
				CLANG_WARN_INT_CONVERSION = YES;
				CLANG_WARN_NON_LITERAL_NULL_CONVERSION = YES;
				CLANG_WARN_OBJC_IMPLICIT_RETAIN_SELF = YES;
				CLANG_WARN_OBJC_LITERAL_CONVERSION = YES;
				CLANG_WARN_OBJC_ROOT_CLASS = YES_ERROR;
				CLANG_WARN_QUOTED_INCLUDE_IN_FRAMEWORK_HEADER = YES;
				CLANG_WARN_RANGE_LOOP_ANALYSIS = YES;
				CLANG_WARN_STRICT_PROTOTYPES = YES;
				CLANG_WARN_SUSPICIOUS_MOVE = YES;
				CLANG_WARN_UNGUARDED_AVAILABILITY = YES_AGGRESSIVE;
				CLANG_WARN_UNREACHABLE_CODE = YES;
				CLANG_WARN__DUPLICATE_METHOD_MATCH = YES;
				COPY_PHASE_STRIP = NO;
				DEBUG_INFORMATION_FORMAT = dwarf;
				ENABLE_STRICT_OBJC_MSGSEND = YES;
				ENABLE_TESTABILITY = YES;
				GCC_C_LANGUAGE_STANDARD = gnu11;
				GCC_DYNAMIC_NO_PIC = NO;
				GCC_NO_COMMON_BLOCKS = YES;
				GCC_OPTIMIZATION_LEVEL = 0;
				GCC_PREPROCESSOR_DEFINITIONS = (
					"DEBUG=1",
					"$(inherited)",
				);
				GCC_WARN_64_TO_32_BIT_CONVERSION = YES;
				GCC_WARN_ABOUT_RETURN_TYPE = YES_ERROR;
				GCC_WARN_UNDECLARED_SELECTOR = YES;
				GCC_WARN_UNINITIALIZED_AUTOS = YES_AGGRESSIVE;
				GCC_WARN_UNUSED_FUNCTION = YES;
				GCC_WARN_UNUSED_VARIABLE = YES;
				MACOSX_DEPLOYMENT_TARGET = 12.3;
				MTL_ENABLE_DEBUG_INFO = INCLUDE_SOURCE;
				MTL_FAST_MATH = YES;
				ONLY_ACTIVE_ARCH = YES;
				SDKROOT = macosx;
				SWIFT_ACTIVE_COMPILATION_CONDITIONS = DEBUG;
				SWIFT_OPTIMIZATION_LEVEL = "-Onone";
			};
			name = Debug;
		};
		9FED2D712849B30100EA6726 /* Release */ = {
			isa = XCBuildConfiguration;
			buildSettings = {
				ALWAYS_SEARCH_USER_PATHS = NO;
				CLANG_ANALYZER_NONNULL = YES;
				CLANG_ANALYZER_NUMBER_OBJECT_CONVERSION = YES_AGGRESSIVE;
				CLANG_CXX_LANGUAGE_STANDARD = "gnu++17";
				CLANG_ENABLE_MODULES = YES;
				CLANG_ENABLE_OBJC_ARC = YES;
				CLANG_ENABLE_OBJC_WEAK = YES;
				CLANG_WARN_BLOCK_CAPTURE_AUTORELEASING = YES;
				CLANG_WARN_BOOL_CONVERSION = YES;
				CLANG_WARN_COMMA = YES;
				CLANG_WARN_CONSTANT_CONVERSION = YES;
				CLANG_WARN_DEPRECATED_OBJC_IMPLEMENTATIONS = YES;
				CLANG_WARN_DIRECT_OBJC_ISA_USAGE = YES_ERROR;
				CLANG_WARN_DOCUMENTATION_COMMENTS = YES;
				CLANG_WARN_EMPTY_BODY = YES;
				CLANG_WARN_ENUM_CONVERSION = YES;
				CLANG_WARN_INFINITE_RECURSION = YES;
				CLANG_WARN_INT_CONVERSION = YES;
				CLANG_WARN_NON_LITERAL_NULL_CONVERSION = YES;
				CLANG_WARN_OBJC_IMPLICIT_RETAIN_SELF = YES;
				CLANG_WARN_OBJC_LITERAL_CONVERSION = YES;
				CLANG_WARN_OBJC_ROOT_CLASS = YES_ERROR;
				CLANG_WARN_QUOTED_INCLUDE_IN_FRAMEWORK_HEADER = YES;
				CLANG_WARN_RANGE_LOOP_ANALYSIS = YES;
				CLANG_WARN_STRICT_PROTOTYPES = YES;
				CLANG_WARN_SUSPICIOUS_MOVE = YES;
				CLANG_WARN_UNGUARDED_AVAILABILITY = YES_AGGRESSIVE;
				CLANG_WARN_UNREACHABLE_CODE = YES;
				CLANG_WARN__DUPLICATE_METHOD_MATCH = YES;
				COPY_PHASE_STRIP = NO;
				DEBUG_INFORMATION_FORMAT = "dwarf-with-dsym";
				ENABLE_NS_ASSERTIONS = NO;
				ENABLE_STRICT_OBJC_MSGSEND = YES;
				GCC_C_LANGUAGE_STANDARD = gnu11;
				GCC_NO_COMMON_BLOCKS = YES;
				GCC_WARN_64_TO_32_BIT_CONVERSION = YES;
				GCC_WARN_ABOUT_RETURN_TYPE = YES_ERROR;
				GCC_WARN_UNDECLARED_SELECTOR = YES;
				GCC_WARN_UNINITIALIZED_AUTOS = YES_AGGRESSIVE;
				GCC_WARN_UNUSED_FUNCTION = YES;
				GCC_WARN_UNUSED_VARIABLE = YES;
				MACOSX_DEPLOYMENT_TARGET = 12.3;
				MTL_ENABLE_DEBUG_INFO = NO;
				MTL_FAST_MATH = YES;
				SDKROOT = macosx;
				SWIFT_COMPILATION_MODE = wholemodule;
				SWIFT_OPTIMIZATION_LEVEL = "-O";
			};
			name = Release;
		};
		9FED2D732849B30100EA6726 /* Debug */ = {
			isa = XCBuildConfiguration;
			buildSettings = {
				ASSETCATALOG_COMPILER_APPICON_NAME = AppIcon;
				ASSETCATALOG_COMPILER_GLOBAL_ACCENT_COLOR_NAME = AccentColor;
				CODE_SIGN_ENTITLEMENTS = MacMarkDown/MacMarkDown.entitlements;
				CODE_SIGN_STYLE = Automatic;
				COMBINE_HIDPI_IMAGES = YES;
				CURRENT_PROJECT_VERSION = 1;
				DEVELOPMENT_ASSET_PATHS = "\"MacMarkDown/Preview Content\"";
				DEVELOPMENT_TEAM = R89YUVSKU6;
				ENABLE_HARDENED_RUNTIME = YES;
				ENABLE_PREVIEWS = YES;
				GENERATE_INFOPLIST_FILE = YES;
				INFOPLIST_FILE = MacMarkDown/Info.plist;
				INFOPLIST_KEY_NSHumanReadableCopyright = "";
				LD_RUNPATH_SEARCH_PATHS = (
					"$(inherited)",
					"@executable_path/../Frameworks",
				);
				MARKETING_VERSION = 1.0;
				PRODUCT_BUNDLE_IDENTIFIER = com.mosariot.MacMarkDown;
				PRODUCT_NAME = "$(TARGET_NAME)";
				SWIFT_EMIT_LOC_STRINGS = YES;
				SWIFT_VERSION = 5.0;
			};
			name = Debug;
		};
		9FED2D742849B30100EA6726 /* Release */ = {
			isa = XCBuildConfiguration;
			buildSettings = {
				ASSETCATALOG_COMPILER_APPICON_NAME = AppIcon;
				ASSETCATALOG_COMPILER_GLOBAL_ACCENT_COLOR_NAME = AccentColor;
				CODE_SIGN_ENTITLEMENTS = MacMarkDown/MacMarkDown.entitlements;
				CODE_SIGN_STYLE = Automatic;
				COMBINE_HIDPI_IMAGES = YES;
				CURRENT_PROJECT_VERSION = 1;
				DEVELOPMENT_ASSET_PATHS = "\"MacMarkDown/Preview Content\"";
				DEVELOPMENT_TEAM = R89YUVSKU6;
				ENABLE_HARDENED_RUNTIME = YES;
				ENABLE_PREVIEWS = YES;
				GENERATE_INFOPLIST_FILE = YES;
				INFOPLIST_FILE = MacMarkDown/Info.plist;
				INFOPLIST_KEY_NSHumanReadableCopyright = "";
				LD_RUNPATH_SEARCH_PATHS = (
					"$(inherited)",
					"@executable_path/../Frameworks",
				);
				MARKETING_VERSION = 1.0;
				PRODUCT_BUNDLE_IDENTIFIER = com.mosariot.MacMarkDown;
				PRODUCT_NAME = "$(TARGET_NAME)";
				SWIFT_EMIT_LOC_STRINGS = YES;
				SWIFT_VERSION = 5.0;
			};
			name = Release;
		};
/* End XCBuildConfiguration section */

/* Begin XCConfigurationList section */
		9FED2D5B2849B30000EA6726 /* Build configuration list for PBXProject "MacMarkDown" */ = {
			isa = XCConfigurationList;
			buildConfigurations = (
				9FED2D702849B30100EA6726 /* Debug */,
				9FED2D712849B30100EA6726 /* Release */,
			);
			defaultConfigurationIsVisible = 0;
			defaultConfigurationName = Release;
		};
		9FED2D722849B30100EA6726 /* Build configuration list for PBXNativeTarget "MacMarkDown" */ = {
			isa = XCConfigurationList;
			buildConfigurations = (
				9FED2D732849B30100EA6726 /* Debug */,
				9FED2D742849B30100EA6726 /* Release */,
			);
			defaultConfigurationIsVisible = 0;
			defaultConfigurationName = Release;
		};
/* End XCConfigurationList section */

/* Begin XCRemoteSwiftPackageReference section */
		9FED2D752849B95500EA6726 /* XCRemoteSwiftPackageReference "swift-markdownkit" */ = {
			isa = XCRemoteSwiftPackageReference;
			repositoryURL = "https://github.com/objecthub/swift-markdownkit";
			requirement = {
				kind = upToNextMajorVersion;
				minimumVersion = 1.0.0;
			};
		};
/* End XCRemoteSwiftPackageReference section */

/* Begin XCSwiftPackageProductDependency section */
		9FED2D762849B95500EA6726 /* MarkdownKit */ = {
			isa = XCSwiftPackageProductDependency;
			package = 9FED2D752849B95500EA6726 /* XCRemoteSwiftPackageReference "swift-markdownkit" */;
			productName = MarkdownKit;
		};
/* End XCSwiftPackageProductDependency section */
	};
	rootObject = 9FED2D582849B30000EA6726 /* Project object */;
}
